
Microsoft Visual Studio Solution File, Format Version 12.00
# Visual Studio Version 17
VisualStudioVersion = 17.4.33403.182
MinimumVisualStudioVersion = 10.0.40219.1
Project("{FAE04EC0-301F-11D3-BF4B-00C04F79EFBC}") = "ECommerce.Web", "ECommerce.Web\ECommerce.Web.csproj", "{CF22907D-D9C5-4555-8443-A25ECE97221B}"
EndProject
Project("{FAE04EC0-301F-11D3-BF4B-00C04F79EFBC}") = "ECommerce.Domain", "ECommerce.Domain\ECommerce.Domain.csproj", "{0FB661EE-514D-4E74-B989-7DB308347FE2}"
EndProject
Project("{FAE04EC0-301F-11D3-BF4B-00C04F79EFBC}") = "ECommerce.Application", "ECommerce.Application\ECommerce.Application.csproj", "{ED96CEB5-48F3-4361-AF6A-C963814F476C}"
EndProject
Project("{FAE04EC0-301F-11D3-BF4B-00C04F79EFBC}") = "ECommerce.Infrastructure", "ECommerce.Infrastructure\ECommerce.Infrastructure.csproj", "{9A4644F2-438F-41C1-8647-38E6553C8B7F}"
EndProject
Project("{FAE04EC0-301F-11D3-BF4B-00C04F79EFBC}") = "ECommerce.Persistence", "ECommerce.Persistence\ECommerce.Persistence.csproj", "{312177E5-AC8E-4F6A-B7C6-2B719011F7B3}"
EndProject
Global
	GlobalSection(SolutionConfigurationPlatforms) = preSolution
		Debug|Any CPU = Debug|Any CPU
		Release|Any CPU = Release|Any CPU
	EndGlobalSection
	GlobalSection(ProjectConfigurationPlatforms) = postSolution
		{CF22907D-D9C5-4555-8443-A25ECE97221B}.Debug|Any CPU.ActiveCfg = Debug|Any CPU
		{CF22907D-D9C5-4555-8443-A25ECE97221B}.Debug|Any CPU.Build.0 = Debug|Any CPU
		{CF22907D-D9C5-4555-8443-A25ECE97221B}.Release|Any CPU.ActiveCfg = Release|Any CPU
		{CF22907D-D9C5-4555-8443-A25ECE97221B}.Release|Any CPU.Build.0 = Release|Any CPU
		{0FB661EE-514D-4E74-B989-7DB308347FE2}.Debug|Any CPU.ActiveCfg = Debug|Any CPU
		{0FB661EE-514D-4E74-B989-7DB308347FE2}.Debug|Any CPU.Build.0 = Debug|Any CPU
		{0FB661EE-514D-4E74-B989-7DB308347FE2}.Release|Any CPU.ActiveCfg = Release|Any CPU
		{0FB661EE-514D-4E74-B989-7DB308347FE2}.Release|Any CPU.Build.0 = Release|Any CPU
		{ED96CEB5-48F3-4361-AF6A-C963814F476C}.Debug|Any CPU.ActiveCfg = Debug|Any CPU
		{ED96CEB5-48F3-4361-AF6A-C963814F476C}.Debug|Any CPU.Build.0 = Debug|Any CPU
		{ED96CEB5-48F3-4361-AF6A-C963814F476C}.Release|Any CPU.ActiveCfg = Release|Any CPU
		{ED96CEB5-48F3-4361-AF6A-C963814F476C}.Release|Any CPU.Build.0 = Release|Any CPU
		{9A4644F2-438F-41C1-8647-38E6553C8B7F}.Debug|Any CPU.ActiveCfg = Debug|Any CPU
		{9A4644F2-438F-41C1-8647-38E6553C8B7F}.Debug|Any CPU.Build.0 = Debug|Any CPU
		{9A4644F2-438F-41C1-8647-38E6553C8B7F}.Release|Any CPU.ActiveCfg = Release|Any CPU
		{9A4644F2-438F-41C1-8647-38E6553C8B7F}.Release|Any CPU.Build.0 = Release|Any CPU
		{312177E5-AC8E-4F6A-B7C6-2B719011F7B3}.Debug|Any CPU.ActiveCfg = Debug|Any CPU
		{312177E5-AC8E-4F6A-B7C6-2B719011F7B3}.Debug|Any CPU.Build.0 = Debug|Any CPU
		{312177E5-AC8E-4F6A-B7C6-2B719011F7B3}.Release|Any CPU.ActiveCfg = Release|Any CPU
		{312177E5-AC8E-4F6A-B7C6-2B719011F7B3}.Release|Any CPU.Build.0 = Release|Any CPU
	EndGlobalSection
	GlobalSection(SolutionProperties) = preSolution
		HideSolutionNode = FALSE
	EndGlobalSection
	GlobalSection(ExtensibilityGlobals) = postSolution
		SolutionGuid = {7E205BEE-9973-45A3-8364-EDC7EA308493}
	EndGlobalSection
EndGlobal
